{
  "name": "micro-ui",
  "version": "1.0.0",
  "lockfileVersion": 1,
  "requires": true,
  "dependencies": {
    "@egovernments/digit-ui-svg-components": {
      "version": "0.0.8",
      "resolved": "https://registry.npmjs.org/@egovernments/digit-ui-svg-components/-/digit-ui-svg-components-0.0.8.tgz",
      "integrity": "sha512-3xf0pWjpt6DmuWbtipK3uVD7YXyiQMu6Qfg1PD3jWECnvOYVSQLopzEhhzE3gA5EJWZgZV8Qk8BjI8S4HxC+0A=="
    }
  }
}
